// !$*UTF8*$!
{
	archiveVersion = 1;
	classes = {
	};
	objectVersion = 48;
	objects = {

/* Begin PBXBuildFile section */
		9AF240D220256DB4000E6C84 /* AppDelegate.swift in Sources */ = {isa = PBXBuildFile; fileRef = 9AF240D120256DB4000E6C84 /* AppDelegate.swift */; };
		9AF240D420256DB4000E6C84 /* ViewController.swift in Sources */ = {isa = PBXBuildFile; fileRef = 9AF240D320256DB4000E6C84 /* ViewController.swift */; };
		9AF240D720256DB4000E6C84 /* Main.storyboard in Resources */ = {isa = PBXBuildFile; fileRef = 9AF240D520256DB4000E6C84 /* Main.storyboard */; };
		9AF240D920256DB4000E6C84 /* Assets.xcassets in Resources */ = {isa = PBXBuildFile; fileRef = 9AF240D820256DB4000E6C84 /* Assets.xcassets */; };
		9AF240DC20256DB4000E6C84 /* LaunchScreen.storyboard in Resources */ = {isa = PBXBuildFile; fileRef = 9AF240DA20256DB4000E6C84 /* LaunchScreen.storyboard */; };
		9AF240E720256DB4000E6C84 /* FlixTests.swift in Sources */ = {isa = PBXBuildFile; fileRef = 9AF240E620256DB4000E6C84 /* FlixTests.swift */; };
		9AF240F220256DB4000E6C84 /* FlixUITests.swift in Sources */ = {isa = PBXBuildFile; fileRef = 9AF240F120256DB4000E6C84 /* FlixUITests.swift */; };
/* End PBXBuildFile section */

/* Begin PBXContainerItemProxy section */
		9AF240E320256DB4000E6C84 /* PBXContainerItemProxy */ = {
			isa = PBXContainerItemProxy;
			containerPortal = 9AF240C620256DB4000E6C84 /* Project object */;
			proxyType = 1;
			remoteGlobalIDString = 9AF240CD20256DB4000E6C84;
			remoteInfo = Flix;
		};
		9AF240EE20256DB4000E6C84 /* PBXContainerItemProxy */ = {
			isa = PBXContainerItemProxy;
			containerPortal = 9AF240C620256DB4000E6C84 /* Project object */;
			proxyType = 1;
			remoteGlobalIDString = 9AF240CD20256DB4000E6C84;
			remoteInfo = Flix;
		};
/* End PBXContainerItemProxy section */

/* Begin PBXFileReference section */
		9AF240CE20256DB4000E6C84 /* Flix.app */ = {isa = PBXFileReference; explicitFileType = wrapper.application; includeInIndex = 0; path = Flix.app; sourceTree = BUILT_PRODUCTS_DIR; };
		9AF240D120256DB4000E6C84 /* AppDelegate.swift */ = {isa = PBXFileReference; lastKnownFileType = sourcecode.swift; path = AppDelegate.swift; sourceTree = "<group>"; };
		9AF240D320256DB4000E6C84 /* ViewController.swift */ = {isa = PBXFileReference; lastKnownFileType = sourcecode.swift; path = ViewController.swift; sourceTree = "<group>"; };
		9AF240D620256DB4000E6C84 /* Base */ = {isa = PBXFileReference; lastKnownFileType = file.storyboard; name = Base; path = Base.lproj/Main.storyboard; sourceTree = "<group>"; };
		9AF240D820256DB4000E6C84 /* Assets.xcassets */ = {isa = PBXFileReference; lastKnownFileType = folder.assetcatalog; path = Assets.xcassets; sourceTree = "<group>"; };
		9AF240DB20256DB4000E6C84 /* Base */ = {isa = PBXFileReference; lastKnownFileType = file.storyboard; name = Base; path = Base.lproj/LaunchScreen.storyboard; sourceTree = "<group>"; };
		9AF240DD20256DB4000E6C84 /* Info.plist */ = {isa = PBXFileReference; lastKnownFileType = text.plist.xml; path = Info.plist; sourceTree = "<group>"; };
		9AF240E220256DB4000E6C84 /* FlixTests.xctest */ = {isa = PBXFileReference; explicitFileType = wrapper.cfbundle; includeInIndex = 0; path = FlixTests.xctest; sourceTree = BUILT_PRODUCTS_DIR; };
		9AF240E620256DB4000E6C84 /* FlixTests.swift */ = {isa = PBXFileReference; lastKnownFileType = sourcecode.swift; path = FlixTests.swift; sourceTree = "<group>"; };
		9AF240E820256DB4000E6C84 /* Info.plist */ = {isa = PBXFileReference; lastKnownFileType = text.plist.xml; path = Info.plist; sourceTree = "<group>"; };
		9AF240ED20256DB4000E6C84 /* FlixUITests.xctest */ = {isa = PBXFileReference; explicitFileType = wrapper.cfbundle; includeInIndex = 0; path = FlixUITests.xctest; sourceTree = BUILT_PRODUCTS_DIR; };
		9AF240F120256DB4000E6C84 /* FlixUITests.swift */ = {isa = PBXFileReference; lastKnownFileType = sourcecode.swift; path = FlixUITests.swift; sourceTree = "<group>"; };
		9AF240F320256DB4000E6C84 /* Info.plist */ = {isa = PBXFileReference; lastKnownFileType = text.plist.xml; path = Info.plist; sourceTree = "<group>"; };
/* End PBXFileReference section */

/* Begin PBXFrameworksBuildPhase section */
		9AF240CB20256DB4000E6C84 /* Frameworks */ = {
			isa = PBXFrameworksBuildPhase;
			buildActionMask = 2147483647;
			files = (
			);
			runOnlyForDeploymentPostprocessing = 0;
		};
		9AF240DF20256DB4000E6C84 /* Frameworks */ = {
			isa = PBXFrameworksBuildPhase;
			buildActionMask = 2147483647;
			files = (
			);
			runOnlyForDeploymentPostprocessing = 0;
		};
		9AF240EA20256DB4000E6C84 /* Frameworks */ = {
			isa = PBXFrameworksBuildPhase;
			buildActionMask = 2147483647;
			files = (
			);
			runOnlyForDeploymentPostprocessing = 0;
		};
/* End PBXFrameworksBuildPhase section */

/* Begin PBXGroup section */
		9AF240C520256DB4000E6C84 = {
			isa = PBXGroup;
			children = (
				9AF240D020256DB4000E6C84 /* Flix */,
				9AF240E520256DB4000E6C84 /* FlixTests */,
				9AF240F020256DB4000E6C84 /* FlixUITests */,
				9AF240CF20256DB4000E6C84 /* Products */,
			);
			sourceTree = "<group>";
		};
		9AF240CF20256DB4000E6C84 /* Products */ = {
			isa = PBXGroup;
			children = (
				9AF240CE20256DB4000E6C84 /* Flix.app */,
				9AF240E220256DB4000E6C84 /* FlixTests.xctest */,
				9AF240ED20256DB4000E6C84 /* FlixUITests.xctest */,
			);
			name = Products;
			sourceTree = "<group>";
		};
		9AF240D020256DB4000E6C84 /* Flix */ = {
			isa = PBXGroup;
			children = (
				9AF240D120256DB4000E6C84 /* AppDelegate.swift */,
				9AF240D320256DB4000E6C84 /* ViewController.swift */,
				9AF240D520256DB4000E6C84 /* Main.storyboard */,
				9AF240D820256DB4000E6C84 /* Assets.xcassets */,
				9AF240DA20256DB4000E6C84 /* LaunchScreen.storyboard */,
				9AF240DD20256DB4000E6C84 /* Info.plist */,
			);
			path = Flix;
			sourceTree = "<group>";
		};
		9AF240E520256DB4000E6C84 /* FlixTests */ = {
			isa = PBXGroup;
			children = (
				9AF240E620256DB4000E6C84 /* FlixTests.swift */,
				9AF240E820256DB4000E6C84 /* Info.plist */,
			);
			path = FlixTests;
			sourceTree = "<group>";
		};
		9AF240F020256DB4000E6C84 /* FlixUITests */ = {
			isa = PBXGroup;
			children = (
				9AF240F120256DB4000E6C84 /* FlixUITests.swift */,
				9AF240F320256DB4000E6C84 /* Info.plist */,
			);
			path = FlixUITests;
			sourceTree = "<group>";
		};
/* End PBXGroup section */

/* Begin PBXNativeTarget section */
		9AF240CD20256DB4000E6C84 /* Flix */ = {
			isa = PBXNativeTarget;
			buildConfigurationList = 9AF240F620256DB4000E6C84 /* Build configuration list for PBXNativeTarget "Flix" */;
			buildPhases = (
				9AF240CA20256DB4000E6C84 /* Sources */,
				9AF240CB20256DB4000E6C84 /* Frameworks */,
				9AF240CC20256DB4000E6C84 /* Resources */,
			);
			buildRules = (
			);
			dependencies = (
			);
			name = Flix;
			productName = Flix;
			productReference = 9AF240CE20256DB4000E6C84 /* Flix.app */;
			productType = "com.apple.product-type.application";
		};
		9AF240E120256DB4000E6C84 /* FlixTests */ = {
			isa = PBXNativeTarget;
			buildConfigurationList = 9AF240F920256DB4000E6C84 /* Build configuration list for PBXNativeTarget "FlixTests" */;
			buildPhases = (
				9AF240DE20256DB4000E6C84 /* Sources */,
				9AF240DF20256DB4000E6C84 /* Frameworks */,
				9AF240E020256DB4000E6C84 /* Resources */,
			);
			buildRules = (
			);
			dependencies = (
				9AF240E420256DB4000E6C84 /* PBXTargetDependency */,
			);
			name = FlixTests;
			productName = FlixTests;
			productReference = 9AF240E220256DB4000E6C84 /* FlixTests.xctest */;
			productType = "com.apple.product-type.bundle.unit-test";
		};
		9AF240EC20256DB4000E6C84 /* FlixUITests */ = {
			isa = PBXNativeTarget;
			buildConfigurationList = 9AF240FC20256DB4000E6C84 /* Build configuration list for PBXNativeTarget "FlixUITests" */;
			buildPhases = (
				9AF240E920256DB4000E6C84 /* Sources */,
				9AF240EA20256DB4000E6C84 /* Frameworks */,
				9AF240EB20256DB4000E6C84 /* Resources */,
			);
			buildRules = (
			);
			dependencies = (
				9AF240EF20256DB4000E6C84 /* PBXTargetDependency */,
			);
			name = FlixUITests;
			productName = FlixUITests;
			productReference = 9AF240ED20256DB4000E6C84 /* FlixUITests.xctest */;
			productType = "com.apple.product-type.bundle.ui-testing";
		};
/* End PBXNativeTarget section */

/* Begin PBXProject section */
		9AF240C620256DB4000E6C84 /* Project object */ = {
			isa = PBXProject;
			attributes = {
				LastSwiftUpdateCheck = 0920;
				LastUpgradeCheck = 0920;
				ORGANIZATIONNAME = "Sandra Flores";
				TargetAttributes = {
					9AF240CD20256DB4000E6C84 = {
						CreatedOnToolsVersion = 9.2;
						ProvisioningStyle = Automatic;
					};
					9AF240E120256DB4000E6C84 = {
						CreatedOnToolsVersion = 9.2;
						ProvisioningStyle = Automatic;
						TestTargetID = 9AF240CD20256DB4000E6C84;
					};
					9AF240EC20256DB4000E6C84 = {
						CreatedOnToolsVersion = 9.2;
						ProvisioningStyle = Automatic;
						TestTargetID = 9AF240CD20256DB4000E6C84;
					};
				};
			};
			buildConfigurationList = 9AF240C920256DB4000E6C84 /* Build configuration list for PBXProject "Flix" */;
			compatibilityVersion = "Xcode 8.0";
			developmentRegion = en;
			hasScannedForEncodings = 0;
			knownRegions = (
				en,
				Base,
			);
			mainGroup = 9AF240C520256DB4000E6C84;
			productRefGroup = 9AF240CF20256DB4000E6C84 /* Products */;
			projectDirPath = "";
			projectRoot = "";
			targets = (
				9AF240CD20256DB4000E6C84 /* Flix */,
				9AF240E120256DB4000E6C84 /* FlixTests */,
				9AF240EC20256DB4000E6C84 /* FlixUITests */,
			);
		};
/* End PBXProject section */

/* Begin PBXResourcesBuildPhase section */
		9AF240CC20256DB4000E6C84 /* Resources */ = {
			isa = PBXResourcesBuildPhase;
			buildActionMask = 2147483647;
			files = (
				9AF240DC20256DB4000E6C84 /* LaunchScreen.storyboard in Resources */,
				9AF240D920256DB4000E6C84 /* Assets.xcassets in Resources */,
				9AF240D720256DB4000E6C84 /* Main.storyboard in Resources */,
			);
			runOnlyForDeploymentPostprocessing = 0;
		};
		9AF240E020256DB4000E6C84 /* Resources */ = {
			isa = PBXResourcesBuildPhase;
			buildActionMask = 2147483647;
			files = (
			);
			runOnlyForDeploymentPostprocessing = 0;
		};
		9AF240EB20256DB4000E6C84 /* Resources */ = {
			isa = PBXResourcesBuildPhase;
			buildActionMask = 2147483647;
			files = (
			);
			runOnlyForDeploymentPostprocessing = 0;
		};
/* End PBXResourcesBuildPhase section */

/* Begin PBXSourcesBuildPhase section */
		9AF240CA20256DB4000E6C84 /* Sources */ = {
			isa = PBXSourcesBuildPhase;
			buildActionMask = 2147483647;
			files = (
				9AF240D420256DB4000E6C84 /* ViewController.swift in Sources */,
				9AF240D220256DB4000E6C84 /* AppDelegate.swift in Sources */,
			);
			runOnlyForDeploymentPostprocessing = 0;
		};
		9AF240DE20256DB4000E6C84 /* Sources */ = {
			isa = PBXSourcesBuildPhase;
			buildActionMask = 2147483647;
			files = (
				9AF240E720256DB4000E6C84 /* FlixTests.swift in Sources */,
			);
			runOnlyForDeploymentPostprocessing = 0;
		};
		9AF240E920256DB4000E6C84 /* Sources */ = {
			isa = PBXSourcesBuildPhase;
			buildActionMask = 2147483647;
			files = (
				9AF240F220256DB4000E6C84 /* FlixUITests.swift in Sources */,
			);
			runOnlyForDeploymentPostprocessing = 0;
		};
/* End PBXSourcesBuildPhase section */

/* Begin PBXTargetDependency section */
		9AF240E420256DB4000E6C84 /* PBXTargetDependency */ = {
			isa = PBXTargetDependency;
			target = 9AF240CD20256DB4000E6C84 /* Flix */;
			targetProxy = 9AF240E320256DB4000E6C84 /* PBXContainerItemProxy */;
		};
		9AF240EF20256DB4000E6C84 /* PBXTargetDependency */ = {
			isa = PBXTargetDependency;
			target = 9AF240CD20256DB4000E6C84 /* Flix */;
			targetProxy = 9AF240EE20256DB4000E6C84 /* PBXContainerItemProxy */;
		};
/* End PBXTargetDependency section */

/* Begin PBXVariantGroup section */
		9AF240D520256DB4000E6C84 /* Main.storyboard */ = {
			isa = PBXVariantGroup;
			children = (
				9AF240D620256DB4000E6C84 /* Base */,
			);
			name = Main.storyboard;
			sourceTree = "<group>";
		};
		9AF240DA20256DB4000E6C84 /* LaunchScreen.storyboard */ = {
			isa = PBXVariantGroup;
			children = (
				9AF240DB20256DB4000E6C84 /* Base */,
			);
			name = LaunchScreen.storyboard;
			sourceTree = "<group>";
		};
/* End PBXVariantGroup section */

/* Begin XCBuildConfiguration section */
		9AF240F420256DB4000E6C84 /* Debug */ = {
			isa = XCBuildConfiguration;
			buildSettings = {
				ALWAYS_SEARCH_USER_PATHS = NO;
				CLANG_ANALYZER_NONNULL = YES;
				CLANG_ANALYZER_NUMBER_OBJECT_CONVERSION = YES_AGGRESSIVE;
				CLANG_CXX_LANGUAGE_STANDARD = "gnu++14";
				CLANG_CXX_LIBRARY = "libc++";
				CLANG_ENABLE_MODULES = YES;
				CLANG_ENABLE_OBJC_ARC = YES;
				CLANG_WARN_BLOCK_CAPTURE_AUTORELEASING = YES;
				CLANG_WARN_BOOL_CONVERSION = YES;
				CLANG_WARN_COMMA = YES;
				CLANG_WARN_CONSTANT_CONVERSION = YES;
				CLANG_WARN_DIRECT_OBJC_ISA_USAGE = YES_ERROR;
				CLANG_WARN_DOCUMENTATION_COMMENTS = YES;
				CLANG_WARN_EMPTY_BODY = YES;
				CLANG_WARN_ENUM_CONVERSION = YES;
				CLANG_WARN_INFINITE_RECURSION = YES;
				CLANG_WARN_INT_CONVERSION = YES;
				CLANG_WARN_NON_LITERAL_NULL_CONVERSION = YES;
				CLANG_WARN_OBJC_LITERAL_CONVERSION = YES;
				CLANG_WARN_OBJC_ROOT_CLASS = YES_ERROR;
				CLANG_WARN_RANGE_LOOP_ANALYSIS = YES;
				CLANG_WARN_STRICT_PROTOTYPES = YES;
				CLANG_WARN_SUSPICIOUS_MOVE = YES;
				CLANG_WARN_UNGUARDED_AVAILABILITY = YES_AGGRESSIVE;
				CLANG_WARN_UNREACHABLE_CODE = YES;
				CLANG_WARN__DUPLICATE_METHOD_MATCH = YES;
				CODE_SIGN_IDENTITY = "iPhone Developer";
				COPY_PHASE_STRIP = NO;
				DEBUG_INFORMATION_FORMAT = dwarf;
				ENABLE_STRICT_OBJC_MSGSEND = YES;
				ENABLE_TESTABILITY = YES;
				GCC_C_LANGUAGE_STANDARD = gnu11;
				GCC_DYNAMIC_NO_PIC = NO;
				GCC_NO_COMMON_BLOCKS = YES;
				GCC_OPTIMIZATION_LEVEL = 0;
				GCC_PREPROCESSOR_DEFINITIONS = (
					"DEBUG=1",
					"$(inherited)",
				);
				GCC_WARN_64_TO_32_BIT_CONVERSION = YES;
				GCC_WARN_ABOUT_RETURN_TYPE = YES_ERROR;
				GCC_WARN_UNDECLARED_SELECTOR = YES;
				GCC_WARN_UNINITIALIZED_AUTOS = YES_AGGRESSIVE;
				GCC_WARN_UNUSED_FUNCTION = YES;
				GCC_WARN_UNUSED_VARIABLE = YES;
				IPHONEOS_DEPLOYMENT_TARGET = 11.2;
				MTL_ENABLE_DEBUG_INFO = YES;
				ONLY_ACTIVE_ARCH = YES;
				SDKROOT = iphoneos;
				SWIFT_ACTIVE_COMPILATION_CONDITIONS = DEBUG;
				SWIFT_OPTIMIZATION_LEVEL = "-Onone";
			};
			name = Debug;
		};
		9AF240F520256DB4000E6C84 /* Release */ = {
			isa = XCBuildConfiguration;
			buildSettings = {
				ALWAYS_SEARCH_USER_PATHS = NO;
				CLANG_ANALYZER_NONNULL = YES;
				CLANG_ANALYZER_NUMBER_OBJECT_CONVERSION = YES_AGGRESSIVE;
				CLANG_CXX_LANGUAGE_STANDARD = "gnu++14";
				CLANG_CXX_LIBRARY = "libc++";
				CLANG_ENABLE_MODULES = YES;
				CLANG_ENABLE_OBJC_ARC = YES;
				CLANG_WARN_BLOCK_CAPTURE_AUTORELEASING = YES;
				CLANG_WARN_BOOL_CONVERSION = YES;
				CLANG_WARN_COMMA = YES;
				CLANG_WARN_CONSTANT_CONVERSION = YES;
				CLANG_WARN_DIRECT_OBJC_ISA_USAGE = YES_ERROR;
				CLANG_WARN_DOCUMENTATION_COMMENTS = YES;
				CLANG_WARN_EMPTY_BODY = YES;
				CLANG_WARN_ENUM_CONVERSION = YES;
				CLANG_WARN_INFINITE_RECURSION = YES;
				CLANG_WARN_INT_CONVERSION = YES;
				CLANG_WARN_NON_LITERAL_NULL_CONVERSION = YES;
				CLANG_WARN_OBJC_LITERAL_CONVERSION = YES;
				CLANG_WARN_OBJC_ROOT_CLASS = YES_ERROR;
				CLANG_WARN_RANGE_LOOP_ANALYSIS = YES;
				CLANG_WARN_STRICT_PROTOTYPES = YES;
				CLANG_WARN_SUSPICIOUS_MOVE = YES;
				CLANG_WARN_UNGUARDED_AVAILABILITY = YES_AGGRESSIVE;
				CLANG_WARN_UNREACHABLE_CODE = YES;
				CLANG_WARN__DUPLICATE_METHOD_MATCH = YES;
				CODE_SIGN_IDENTITY = "iPhone Developer";
				COPY_PHASE_STRIP = NO;
				DEBUG_INFORMATION_FORMAT = "dwarf-with-dsym";
				ENABLE_NS_ASSERTIONS = NO;
				ENABLE_STRICT_OBJC_MSGSEND = YES;
				GCC_C_LANGUAGE_STANDARD = gnu11;
				GCC_NO_COMMON_BLOCKS = YES;
				GCC_WARN_64_TO_32_BIT_CONVERSION = YES;
				GCC_WARN_ABOUT_RETURN_TYPE = YES_ERROR;
				GCC_WARN_UNDECLARED_SELECTOR = YES;
				GCC_WARN_UNINITIALIZED_AUTOS = YES_AGGRESSIVE;
				GCC_WARN_UNUSED_FUNCTION = YES;
				GCC_WARN_UNUSED_VARIABLE = YES;
				IPHONEOS_DEPLOYMENT_TARGET = 11.2;
				MTL_ENABLE_DEBUG_INFO = NO;
				SDKROOT = iphoneos;
				SWIFT_OPTIMIZATION_LEVEL = "-Owholemodule";
				VALIDATE_PRODUCT = YES;
			};
			name = Release;
		};
		9AF240F720256DB4000E6C84 /* Debug */ = {
			isa = XCBuildConfiguration;
			buildSettings = {
				ASSETCATALOG_COMPILER_APPICON_NAME = AppIcon;
				CODE_SIGN_STYLE = Automatic;
				INFOPLIST_FILE = Flix/Info.plist;
				LD_RUNPATH_SEARCH_PATHS = "$(inherited) @executable_path/Frameworks";
				PRODUCT_BUNDLE_IDENTIFIER = edu.csumb.sfloressilverio.Flix;
				PRODUCT_NAME = "$(TARGET_NAME)";
				SWIFT_VERSION = 4.0;
				TARGETED_DEVICE_FAMILY = "1,2";
			};
			name = Debug;
		};
		9AF240F820256DB4000E6C84 /* Release */ = {
			isa = XCBuildConfiguration;
			buildSettings = {
				ASSETCATALOG_COMPILER_APPICON_NAME = AppIcon;
				CODE_SIGN_STYLE = Automatic;
				INFOPLIST_FILE = Flix/Info.plist;
				LD_RUNPATH_SEARCH_PATHS = "$(inherited) @executable_path/Frameworks";
				PRODUCT_BUNDLE_IDENTIFIER = edu.csumb.sfloressilverio.Flix;
				PRODUCT_NAME = "$(TARGET_NAME)";
				SWIFT_VERSION = 4.0;
				TARGETED_DEVICE_FAMILY = "1,2";
			};
			name = Release;
		};
		9AF240FA20256DB4000E6C84 /* Debug */ = {
			isa = XCBuildConfiguration;
			buildSettings = {
				ALWAYS_EMBED_SWIFT_STANDARD_LIBRARIES = YES;
				BUNDLE_LOADER = "$(TEST_HOST)";
				CODE_SIGN_STYLE = Automatic;
				INFOPLIST_FILE = FlixTests/Info.plist;
				LD_RUNPATH_SEARCH_PATHS = "$(inherited) @executable_path/Frameworks @loader_path/Frameworks";
				PRODUCT_BUNDLE_IDENTIFIER = edu.csumb.sfloressilverio.FlixTests;
				PRODUCT_NAME = "$(TARGET_NAME)";
				SWIFT_VERSION = 4.0;
				TARGETED_DEVICE_FAMILY = "1,2";
				TEST_HOST = "$(BUILT_PRODUCTS_DIR)/Flix.app/Flix";
			};
			name = Debug;
		};
		9AF240FB20256DB4000E6C84 /* Release */ = {
			isa = XCBuildConfiguration;
			buildSettings = {
				ALWAYS_EMBED_SWIFT_STANDARD_LIBRARIES = YES;
				BUNDLE_LOADER = "$(TEST_HOST)";
				CODE_SIGN_STYLE = Automatic;
				INFOPLIST_FILE = FlixTests/Info.plist;
				LD_RUNPATH_SEARCH_PATHS = "$(inherited) @executable_path/Frameworks @loader_path/Frameworks";
				PRODUCT_BUNDLE_IDENTIFIER = edu.csumb.sfloressilverio.FlixTests;
				PRODUCT_NAME = "$(TARGET_NAME)";
				SWIFT_VERSION = 4.0;
				TARGETED_DEVICE_FAMILY = "1,2";
				TEST_HOST = "$(BUILT_PRODUCTS_DIR)/Flix.app/Flix";
			};
			name = Release;
		};
		9AF240FD20256DB4000E6C84 /* Debug */ = {
			isa = XCBuildConfiguration;
			buildSettings = {
				ALWAYS_EMBED_SWIFT_STANDARD_LIBRARIES = YES;
				CODE_SIGN_STYLE = Automatic;
				INFOPLIST_FILE = FlixUITests/Info.plist;
				LD_RUNPATH_SEARCH_PATHS = "$(inherited) @executable_path/Frameworks @loader_path/Frameworks";
				PRODUCT_BUNDLE_IDENTIFIER = edu.csumb.sfloressilverio.FlixUITests;
				PRODUCT_NAME = "$(TARGET_NAME)";
				SWIFT_VERSION = 4.0;
				TARGETED_DEVICE_FAMILY = "1,2";
				TEST_TARGET_NAME = Flix;
			};
			name = Debug;
		};
		9AF240FE20256DB4000E6C84 /* Release */ = {
			isa = XCBuildConfiguration;
			buildSettings = {
				ALWAYS_EMBED_SWIFT_STANDARD_LIBRARIES = YES;
				CODE_SIGN_STYLE = Automatic;
				INFOPLIST_FILE = FlixUITests/Info.plist;
				LD_RUNPATH_SEARCH_PATHS = "$(inherited) @executable_path/Frameworks @loader_path/Frameworks";
				PRODUCT_BUNDLE_IDENTIFIER = edu.csumb.sfloressilverio.FlixUITests;
				PRODUCT_NAME = "$(TARGET_NAME)";
				SWIFT_VERSION = 4.0;
				TARGETED_DEVICE_FAMILY = "1,2";
				TEST_TARGET_NAME = Flix;
			};
			name = Release;
		};
/* End XCBuildConfiguration section */

/* Begin XCConfigurationList section */
		9AF240C920256DB4000E6C84 /* Build configuration list for PBXProject "Flix" */ = {
			isa = XCConfigurationList;
			buildConfigurations = (
				9AF240F420256DB4000E6C84 /* Debug */,
				9AF240F520256DB4000E6C84 /* Release */,
			);
			defaultConfigurationIsVisible = 0;
			defaultConfigurationName = Release;
		};
		9AF240F620256DB4000E6C84 /* Build configuration list for PBXNativeTarget "Flix" */ = {
			isa = XCConfigurationList;
			buildConfigurations = (
				9AF240F720256DB4000E6C84 /* Debug */,
				9AF240F820256DB4000E6C84 /* Release */,
			);
			defaultConfigurationIsVisible = 0;
			defaultConfigurationName = Release;
		};
		9AF240F920256DB4000E6C84 /* Build configuration list for PBXNativeTarget "FlixTests" */ = {
			isa = XCConfigurationList;
			buildConfigurations = (
				9AF240FA20256DB4000E6C84 /* Debug */,
				9AF240FB20256DB4000E6C84 /* Release */,
			);
			defaultConfigurationIsVisible = 0;
			defaultConfigurationName = Release;
		};
		9AF240FC20256DB4000E6C84 /* Build configuration list for PBXNativeTarget "FlixUITests" */ = {
			isa = XCConfigurationList;
			buildConfigurations = (
				9AF240FD20256DB4000E6C84 /* Debug */,
				9AF240FE20256DB4000E6C84 /* Release */,
			);
			defaultConfigurationIsVisible = 0;
			defaultConfigurationName = Release;
		};
/* End XCConfigurationList section */
	};
	rootObject = 9AF240C620256DB4000E6C84 /* Project object */;
}
